
Microsoft Visual Studio Solution File, Format Version 12.00
# Visual Studio 2013
VisualStudioVersion = 12.0.40629.0
MinimumVisualStudioVersion = 10.0.40219.1
Project("{FAE04EC0-301F-11D3-BF4B-00C04F79EFBC}") = "api", "api\api.csproj", "{34277DD1-BED0-40C5-82FB-40F059168B2A}"
EndProject
Project("{FAE04EC0-301F-11D3-BF4B-00C04F79EFBC}") = "api.tests", "api.tests\api.tests.csproj", "{6C9EE6D5-6D4A-4D74-A46B-AF2239AED134}"
EndProject
Global
	GlobalSection(SolutionConfigurationPlatforms) = preSolution
		Debug|Any CPU = Debug|Any CPU
		Release|Any CPU = Release|Any CPU
	EndGlobalSection
	GlobalSection(ProjectConfigurationPlatforms) = postSolution
		{34277DD1-BED0-40C5-82FB-40F059168B2A}.Debug|Any CPU.ActiveCfg = Debug|Any CPU
		{34277DD1-BED0-40C5-82FB-40F059168B2A}.Debug|Any CPU.Build.0 = Debug|Any CPU
		{34277DD1-BED0-40C5-82FB-40F059168B2A}.Release|Any CPU.ActiveCfg = Release|Any CPU
		{34277DD1-BED0-40C5-82FB-40F059168B2A}.Release|Any CPU.Build.0 = Release|Any CPU
		{6C9EE6D5-6D4A-4D74-A46B-AF2239AED134}.Debug|Any CPU.ActiveCfg = Debug|Any CPU
		{6C9EE6D5-6D4A-4D74-A46B-AF2239AED134}.Debug|Any CPU.Build.0 = Debug|Any CPU
		{6C9EE6D5-6D4A-4D74-A46B-AF2239AED134}.Release|Any CPU.ActiveCfg = Release|Any CPU
		{6C9EE6D5-6D4A-4D74-A46B-AF2239AED134}.Release|Any CPU.Build.0 = Release|Any CPU
	EndGlobalSection
	GlobalSection(SolutionProperties) = preSolution
		HideSolutionNode = FALSE
	EndGlobalSection
EndGlobal
